
Microsoft Visual Studio Solution File, Format Version 12.00
# Visual Studio Version 17
VisualStudioVersion = 17.14.36511.14 d17.14
MinimumVisualStudioVersion = 10.0.40219.1
Project("{FAE04EC0-301F-11D3-BF4B-00C04F79EFBC}") = "Laboratorio7", "Laboratorio7\Laboratorio7.csproj", "{AFAAFDE0-4A96-434E-8E82-58E2D12E9B09}"
EndProject
Project("{FAE04EC0-301F-11D3-BF4B-00C04F79EFBC}") = "Laboratorio71", "Laboratorio71\Laboratorio71.csproj", "{531F2346-E379-47AC-AECF-60FA0DF6B93E}"
EndProject
Project("{FAE04EC0-301F-11D3-BF4B-00C04F79EFBC}") = "Laboratorio72", "Laboratorio72\Laboratorio72.csproj", "{D405DB51-40DB-4495-88D6-46DA615D7833}"
EndProject
Global
	GlobalSection(SolutionConfigurationPlatforms) = preSolution
		Debug|Any CPU = Debug|Any CPU
		Release|Any CPU = Release|Any CPU
	EndGlobalSection
	GlobalSection(ProjectConfigurationPlatforms) = postSolution
		{AFAAFDE0-4A96-434E-8E82-58E2D12E9B09}.Debug|Any CPU.ActiveCfg = Debug|Any CPU
		{AFAAFDE0-4A96-434E-8E82-58E2D12E9B09}.Debug|Any CPU.Build.0 = Debug|Any CPU
		{AFAAFDE0-4A96-434E-8E82-58E2D12E9B09}.Release|Any CPU.ActiveCfg = Release|Any CPU
		{AFAAFDE0-4A96-434E-8E82-58E2D12E9B09}.Release|Any CPU.Build.0 = Release|Any CPU
		{531F2346-E379-47AC-AECF-60FA0DF6B93E}.Debug|Any CPU.ActiveCfg = Debug|Any CPU
		{531F2346-E379-47AC-AECF-60FA0DF6B93E}.Debug|Any CPU.Build.0 = Debug|Any CPU
		{531F2346-E379-47AC-AECF-60FA0DF6B93E}.Release|Any CPU.ActiveCfg = Release|Any CPU
		{531F2346-E379-47AC-AECF-60FA0DF6B93E}.Release|Any CPU.Build.0 = Release|Any CPU
		{D405DB51-40DB-4495-88D6-46DA615D7833}.Debug|Any CPU.ActiveCfg = Debug|Any CPU
		{D405DB51-40DB-4495-88D6-46DA615D7833}.Debug|Any CPU.Build.0 = Debug|Any CPU
		{D405DB51-40DB-4495-88D6-46DA615D7833}.Release|Any CPU.ActiveCfg = Release|Any CPU
		{D405DB51-40DB-4495-88D6-46DA615D7833}.Release|Any CPU.Build.0 = Release|Any CPU
	EndGlobalSection
	GlobalSection(SolutionProperties) = preSolution
		HideSolutionNode = FALSE
	EndGlobalSection
	GlobalSection(ExtensibilityGlobals) = postSolution
		SolutionGuid = {5A23A2D6-1A08-4AA0-B3D4-2424FF8971EB}
	EndGlobalSection
EndGlobal
