
Microsoft Visual Studio Solution File, Format Version 12.00
# Visual Studio Version 17
VisualStudioVersion = 17.14.36717.8 d17.14
MinimumVisualStudioVersion = 10.0.40219.1
Project("{FAE04EC0-301F-11D3-BF4B-00C04F79EFBC}") = "Laboratorio16", "Laboratorio16\Laboratorio16.csproj", "{08D54B93-B56E-48EF-B331-03C993759651}"
EndProject
Project("{FAE04EC0-301F-11D3-BF4B-00C04F79EFBC}") = "Laboratorio161", "Laboratorio161\Laboratorio161.csproj", "{42CEA788-8077-4962-BDF9-79FB0B5D7ED4}"
EndProject
Global
	GlobalSection(SolutionConfigurationPlatforms) = preSolution
		Debug|Any CPU = Debug|Any CPU
		Release|Any CPU = Release|Any CPU
	EndGlobalSection
	GlobalSection(ProjectConfigurationPlatforms) = postSolution
		{08D54B93-B56E-48EF-B331-03C993759651}.Debug|Any CPU.ActiveCfg = Debug|Any CPU
		{08D54B93-B56E-48EF-B331-03C993759651}.Debug|Any CPU.Build.0 = Debug|Any CPU
		{08D54B93-B56E-48EF-B331-03C993759651}.Release|Any CPU.ActiveCfg = Release|Any CPU
		{08D54B93-B56E-48EF-B331-03C993759651}.Release|Any CPU.Build.0 = Release|Any CPU
		{42CEA788-8077-4962-BDF9-79FB0B5D7ED4}.Debug|Any CPU.ActiveCfg = Debug|Any CPU
		{42CEA788-8077-4962-BDF9-79FB0B5D7ED4}.Debug|Any CPU.Build.0 = Debug|Any CPU
		{42CEA788-8077-4962-BDF9-79FB0B5D7ED4}.Release|Any CPU.ActiveCfg = Release|Any CPU
		{42CEA788-8077-4962-BDF9-79FB0B5D7ED4}.Release|Any CPU.Build.0 = Release|Any CPU
	EndGlobalSection
	GlobalSection(SolutionProperties) = preSolution
		HideSolutionNode = FALSE
	EndGlobalSection
	GlobalSection(ExtensibilityGlobals) = postSolution
		SolutionGuid = {9EEFB1C1-BFFC-41AA-A368-CB48549D09D5}
	EndGlobalSection
EndGlobal
